PODS:
  - AEXML (4.5.0)
  - DTCoreText (1.0.0):
    - DTCoreText/NSAttributedString (= 1.0.0)
    - DTFoundation
  - DTCoreText/NSAttributedString (1.0.0):
    - DTFoundation
  - DTFoundation (1.0.0):
    - DTFoundation/DTHTMLParser (= 1.0.0)
  - DTFoundation/DTHTMLParser (1.0.0)
  - FLEX (4.1.1)
  - IRHexColor (0.0.1)
  - SSZipArchive (2.2.3)

DEPENDENCIES:
  - AEXML (~> 4.5.0)
  - DTCoreText (from `./DTCoreText`)
  - DTFoundation (from `./DTFoundation`)
  - FLEX
  - IRHexColor (~> 0.0.1)
  - SSZipArchive (~> 2.2.2)

SPEC REPOS:
  trunk:
    - AEXML
    - FLEX
    - IRHexColor
    - SSZipArchive

EXTERNAL SOURCES:
  DTCoreText:
    :path: "./DTCoreText"
  DTFoundation:
    :path: "./DTFoundation"

SPEC CHECKSUMS:
  AEXML: 0e8f1d874fa033ca6b3909452a8bc362faad46e6
  DTCoreText: b9dee026999e7745e4e6e7e658de4d3b3e6e5ecd
  DTFoundation: 2cd4cbe869518fc73b6d6a5d4a8e0daaa7392931
  FLEX: 81096107977a09836eb440173010ceeef01105d6
  IRHexColor: 259fc1291f253f026aec0505112e95623ac57e0e
  SSZipArchive: 62d4947b08730e4cda640473b0066d209ff033c9

PODFILE CHECKSUM: d3b0692b3375a566bc923a09a59ed7ca6dfe6ffe

COCOAPODS: 1.9.3
