PODS:
  - AEXML (4.5.0)
  - CMPopTipView (2.3.2)
  - DTCoreText (1.0.0):
    - DTCoreText/Accessibility (= 1.0.0)
    - DTCoreText/Debug (= 1.0.0)
    - DTCoreText/HTMLParsing (= 1.0.0)
    - DTCoreText/HTMLWriting (= 1.0.0)
    - DTCoreText/Layouting (= 1.0.0)
    - DTCoreText/UI (= 1.0.0)
    - DTCoreText/Utils (= 1.0.0)
    - DTFoundation
  - DTCoreText/Accessibility (1.0.0):
    - DTFoundation
  - DTCoreText/Debug (1.0.0):
    - DTFoundation
  - DTCoreText/HTMLParsing (1.0.0):
    - DTFoundation
  - DTCoreText/HTMLWriting (1.0.0):
    - DTFoundation
  - DTCoreText/Layouting (1.0.0):
    - DTFoundation
  - DTCoreText/UI (1.0.0):
    - DTFoundation
  - DTCoreText/Utils (1.0.0):
    - DTFoundation
  - DTFoundation (1.0.0):
    - DTFoundation/DTHTMLParser (= 1.0.0)
  - DTFoundation/DTHTMLParser (1.0.0)
  - EpubBooks (1.0.0)
  - FLEX (4.1.1)
  - FMDB (2.7.5):
    - FMDB/standard (= 2.7.5)
  - FMDB/standard (2.7.5)
  - IRHexColor (0.0.4)
  - PKHUD (5.3.0)
  - SnapKit (5.0.1)
  - SSZipArchive (2.2.3)

DEPENDENCIES:
  - AEXML (~> 4.5.0)
  - CMPopTipView (~> 2.3.2)
  - DTCoreText (from `./DTCoreText`)
  - DTFoundation (from `./DTFoundation`)
  - EpubBooks (from `https://github.com/zhiyongzou/EpubBooks.git`, branch `main`)
  - FLEX (~> 4.1.1)
  - FMDB (~> 2.7.5)
  - IRHexColor (~> 0.0.4)
  - PKHUD (~> 5.3.0)
  - SnapKit (~> 5.0.1)
  - SSZipArchive (~> 2.2.2)

SPEC REPOS:
  trunk:
    - AEXML
    - CMPopTipView
    - FLEX
    - FMDB
    - IRHexColor
    - PKHUD
    - SnapKit
    - SSZipArchive

EXTERNAL SOURCES:
  DTCoreText:
    :path: "./DTCoreText"
  DTFoundation:
    :path: "./DTFoundation"
  EpubBooks:
    :branch: main
    :git: https://github.com/zhiyongzou/EpubBooks.git

CHECKOUT OPTIONS:
  EpubBooks:
    :commit: b723f0c89352c557ad0600024d595df5bf827b98
    :git: https://github.com/zhiyongzou/EpubBooks.git

SPEC CHECKSUMS:
  AEXML: 0e8f1d874fa033ca6b3909452a8bc362faad46e6
  CMPopTipView: 2d56ef53e8e739c4e63ad97a5a88b97712b46c7b
  DTCoreText: 614f7426823989c3dabe9127fc674123f0049c01
  DTFoundation: 2cd4cbe869518fc73b6d6a5d4a8e0daaa7392931
  EpubBooks: 5f6071d471fb0d26ce1cfc770037cb9b76507aaa
  FLEX: 81096107977a09836eb440173010ceeef01105d6
  FMDB: 2ce00b547f966261cd18927a3ddb07cb6f3db82a
  IRHexColor: 9bee3c935b1654246589933274a55e590ec24700
  PKHUD: 98f3e4bc904b9c916f1c5bb6d765365b5357291b
  SnapKit: 97b92857e3df3a0c71833cce143274bf6ef8e5eb
  SSZipArchive: 62d4947b08730e4cda640473b0066d209ff033c9

PODFILE CHECKSUM: 9495d396b1c68073945bfee72949bc9d315603cf

COCOAPODS: 1.9.3
